
Microsoft Visual Studio Solution File, Format Version 12.00
# Visual Studio 15
VisualStudioVersion = 15.0.27703.2035
MinimumVisualStudioVersion = 10.0.40219.1
Project("{FAE04EC0-301F-11D3-BF4B-00C04F79EFBC}") = "Лабораторная работа №6", "Лабораторная работа №6\Лабораторная работа №6.csproj", "{786DD051-C161-4611-972C-FFBE7B9512D2}"
EndProject
Global
	GlobalSection(SolutionConfigurationPlatforms) = preSolution
		Debug|Any CPU = Debug|Any CPU
		Release|Any CPU = Release|Any CPU
	EndGlobalSection
	GlobalSection(ProjectConfigurationPlatforms) = postSolution
		{786DD051-C161-4611-972C-FFBE7B9512D2}.Debug|Any CPU.ActiveCfg = Debug|Any CPU
		{786DD051-C161-4611-972C-FFBE7B9512D2}.Debug|Any CPU.Build.0 = Debug|Any CPU
		{786DD051-C161-4611-972C-FFBE7B9512D2}.Release|Any CPU.ActiveCfg = Release|Any CPU
		{786DD051-C161-4611-972C-FFBE7B9512D2}.Release|Any CPU.Build.0 = Release|Any CPU
	EndGlobalSection
	GlobalSection(SolutionProperties) = preSolution
		HideSolutionNode = FALSE
	EndGlobalSection
	GlobalSection(ExtensibilityGlobals) = postSolution
		SolutionGuid = {95013A87-FDCD-4784-A8B3-4251F383A5F0}
	EndGlobalSection
EndGlobal
